
Microsoft Visual Studio Solution File, Format Version 12.00
# Visual Studio Version 17
VisualStudioVersion = 17.12.35527.113 d17.12
MinimumVisualStudioVersion = 10.0.40219.1
Project("{FAE04EC0-301F-11D3-BF4B-00C04F79EFBC}") = "Blazor_Full-Stack", "Blazor_Full-Stack\Blazor_Full-Stack.csproj", "{B628438A-0707-4F9C-904E-814A1FCBCD30}"
EndProject
Global
	GlobalSection(SolutionConfigurationPlatforms) = preSolution
		Debug|Any CPU = Debug|Any CPU
		Release|Any CPU = Release|Any CPU
	EndGlobalSection
	GlobalSection(ProjectConfigurationPlatforms) = postSolution
		{B628438A-0707-4F9C-904E-814A1FCBCD30}.Debug|Any CPU.ActiveCfg = Debug|Any CPU
		{B628438A-0707-4F9C-904E-814A1FCBCD30}.Debug|Any CPU.Build.0 = Debug|Any CPU
		{B628438A-0707-4F9C-904E-814A1FCBCD30}.Release|Any CPU.ActiveCfg = Release|Any CPU
		{B628438A-0707-4F9C-904E-814A1FCBCD30}.Release|Any CPU.Build.0 = Release|Any CPU
	EndGlobalSection
	GlobalSection(SolutionProperties) = preSolution
		HideSolutionNode = FALSE
	EndGlobalSection
EndGlobal
